// !$*UTF8*$!
{
	archiveVersion = 1;
	classes = {
	};
	objectVersion = 55;
	objects = {

/* Begin PBXBuildFile section */
		02FD76E628B7A62300176DBA /* AppDelegate.swift in Sources */ = {isa = PBXBuildFile; fileRef = 02FD76E528B7A62300176DBA /* AppDelegate.swift */; };
		02FD76E828B7A62300176DBA /* SceneDelegate.swift in Sources */ = {isa = PBXBuildFile; fileRef = 02FD76E728B7A62300176DBA /* SceneDelegate.swift */; };
		02FD76EA28B7A62300176DBA /* CarsListVC.swift in Sources */ = {isa = PBXBuildFile; fileRef = 02FD76E928B7A62300176DBA /* CarsListVC.swift */; };
		02FD76EF28B7A62600176DBA /* Assets.xcassets in Resources */ = {isa = PBXBuildFile; fileRef = 02FD76EE28B7A62600176DBA /* Assets.xcassets */; };
		02FD76F228B7A62600176DBA /* LaunchScreen.storyboard in Resources */ = {isa = PBXBuildFile; fileRef = 02FD76F028B7A62600176DBA /* LaunchScreen.storyboard */; };
		02FD76FB28B7A82F00176DBA /* Car.swift in Sources */ = {isa = PBXBuildFile; fileRef = 02FD76FA28B7A82F00176DBA /* Car.swift */; };
		02FD76FE28B7A8B600176DBA /* Constants.swift in Sources */ = {isa = PBXBuildFile; fileRef = 02FD76FD28B7A8B600176DBA /* Constants.swift */; };
		02FD770028B7AB6200176DBA /* UIView+Ext.swift in Sources */ = {isa = PBXBuildFile; fileRef = 02FD76FF28B7AB6200176DBA /* UIView+Ext.swift */; };
		02FD770228B7ACB300176DBA /* CarTableViewCell.swift in Sources */ = {isa = PBXBuildFile; fileRef = 02FD770128B7ACB300176DBA /* CarTableViewCell.swift */; };
/* End PBXBuildFile section */

/* Begin PBXFileReference section */
		02FD76E228B7A62300176DBA /* Cars&Tables.app */ = {isa = PBXFileReference; explicitFileType = wrapper.application; includeInIndex = 0; path = "Cars&Tables.app"; sourceTree = BUILT_PRODUCTS_DIR; };
		02FD76E528B7A62300176DBA /* AppDelegate.swift */ = {isa = PBXFileReference; lastKnownFileType = sourcecode.swift; path = AppDelegate.swift; sourceTree = "<group>"; };
		02FD76E728B7A62300176DBA /* SceneDelegate.swift */ = {isa = PBXFileReference; lastKnownFileType = sourcecode.swift; path = SceneDelegate.swift; sourceTree = "<group>"; };
		02FD76E928B7A62300176DBA /* CarsListVC.swift */ = {isa = PBXFileReference; lastKnownFileType = sourcecode.swift; path = CarsListVC.swift; sourceTree = "<group>"; };
		02FD76EE28B7A62600176DBA /* Assets.xcassets */ = {isa = PBXFileReference; lastKnownFileType = folder.assetcatalog; path = Assets.xcassets; sourceTree = "<group>"; };
		02FD76F128B7A62600176DBA /* Base */ = {isa = PBXFileReference; lastKnownFileType = file.storyboard; name = Base; path = Base.lproj/LaunchScreen.storyboard; sourceTree = "<group>"; };
		02FD76F328B7A62600176DBA /* Info.plist */ = {isa = PBXFileReference; lastKnownFileType = text.plist.xml; path = Info.plist; sourceTree = "<group>"; };
		02FD76FA28B7A82F00176DBA /* Car.swift */ = {isa = PBXFileReference; lastKnownFileType = sourcecode.swift; path = Car.swift; sourceTree = "<group>"; };
		02FD76FD28B7A8B600176DBA /* Constants.swift */ = {isa = PBXFileReference; lastKnownFileType = sourcecode.swift; path = Constants.swift; sourceTree = "<group>"; };
		02FD76FF28B7AB6200176DBA /* UIView+Ext.swift */ = {isa = PBXFileReference; lastKnownFileType = sourcecode.swift; path = "UIView+Ext.swift"; sourceTree = "<group>"; };
		02FD770128B7ACB300176DBA /* CarTableViewCell.swift */ = {isa = PBXFileReference; lastKnownFileType = sourcecode.swift; path = CarTableViewCell.swift; sourceTree = "<group>"; };
/* End PBXFileReference section */

/* Begin PBXFrameworksBuildPhase section */
		02FD76DF28B7A62300176DBA /* Frameworks */ = {
			isa = PBXFrameworksBuildPhase;
			buildActionMask = 2147483647;
			files = (
			);
			runOnlyForDeploymentPostprocessing = 0;
		};
/* End PBXFrameworksBuildPhase section */

/* Begin PBXGroup section */
		02FD76D928B7A62300176DBA = {
			isa = PBXGroup;
			children = (
				02FD76E428B7A62300176DBA /* Cars&Tables */,
				02FD76E328B7A62300176DBA /* Products */,
			);
			sourceTree = "<group>";
		};
		02FD76E328B7A62300176DBA /* Products */ = {
			isa = PBXGroup;
			children = (
				02FD76E228B7A62300176DBA /* Cars&Tables.app */,
			);
			name = Products;
			sourceTree = "<group>";
		};
		02FD76E428B7A62300176DBA /* Cars&Tables */ = {
			isa = PBXGroup;
			children = (
				02FD76F928B7A81D00176DBA /* Model */,
				02FD76FC28B7A86D00176DBA /* Utils */,
				02FD76E728B7A62300176DBA /* SceneDelegate.swift */,
				02FD76E928B7A62300176DBA /* CarsListVC.swift */,
				02FD76E528B7A62300176DBA /* AppDelegate.swift */,
				02FD76EE28B7A62600176DBA /* Assets.xcassets */,
				02FD76F028B7A62600176DBA /* LaunchScreen.storyboard */,
				02FD76F328B7A62600176DBA /* Info.plist */,
			);
			path = "Cars&Tables";
			sourceTree = "<group>";
		};
		02FD76F928B7A81D00176DBA /* Model */ = {
			isa = PBXGroup;
			children = (
				02FD76FA28B7A82F00176DBA /* Car.swift */,
			);
			path = Model;
			sourceTree = "<group>";
		};
		02FD76FC28B7A86D00176DBA /* Utils */ = {
			isa = PBXGroup;
			children = (
				02FD76FD28B7A8B600176DBA /* Constants.swift */,
				02FD76FF28B7AB6200176DBA /* UIView+Ext.swift */,
				02FD770128B7ACB300176DBA /* CarTableViewCell.swift */,
			);
			path = Utils;
			sourceTree = "<group>";
		};
/* End PBXGroup section */

/* Begin PBXNativeTarget section */
		02FD76E128B7A62300176DBA /* Cars&Tables */ = {
			isa = PBXNativeTarget;
			buildConfigurationList = 02FD76F628B7A62600176DBA /* Build configuration list for PBXNativeTarget "Cars&Tables" */;
			buildPhases = (
				02FD76DE28B7A62300176DBA /* Sources */,
				02FD76DF28B7A62300176DBA /* Frameworks */,
				02FD76E028B7A62300176DBA /* Resources */,
			);
			buildRules = (
			);
			dependencies = (
			);
			name = "Cars&Tables";
			productName = "Cars&Tables";
			productReference = 02FD76E228B7A62300176DBA /* Cars&Tables.app */;
			productType = "com.apple.product-type.application";
		};
/* End PBXNativeTarget section */

/* Begin PBXProject section */
		02FD76DA28B7A62300176DBA /* Project object */ = {
			isa = PBXProject;
			attributes = {
				BuildIndependentTargetsInParallel = 1;
				LastSwiftUpdateCheck = 1340;
				LastUpgradeCheck = 1340;
				TargetAttributes = {
					02FD76E128B7A62300176DBA = {
						CreatedOnToolsVersion = 13.4.1;
					};
				};
			};
			buildConfigurationList = 02FD76DD28B7A62300176DBA /* Build configuration list for PBXProject "Cars&Tables" */;
			compatibilityVersion = "Xcode 13.0";
			developmentRegion = en;
			hasScannedForEncodings = 0;
			knownRegions = (
				en,
				Base,
			);
			mainGroup = 02FD76D928B7A62300176DBA;
			productRefGroup = 02FD76E328B7A62300176DBA /* Products */;
			projectDirPath = "";
			projectRoot = "";
			targets = (
				02FD76E128B7A62300176DBA /* Cars&Tables */,
			);
		};
/* End PBXProject section */

/* Begin PBXResourcesBuildPhase section */
		02FD76E028B7A62300176DBA /* Resources */ = {
			isa = PBXResourcesBuildPhase;
			buildActionMask = 2147483647;
			files = (
				02FD76F228B7A62600176DBA /* LaunchScreen.storyboard in Resources */,
				02FD76EF28B7A62600176DBA /* Assets.xcassets in Resources */,
			);
			runOnlyForDeploymentPostprocessing = 0;
		};
/* End PBXResourcesBuildPhase section */

/* Begin PBXSourcesBuildPhase section */
		02FD76DE28B7A62300176DBA /* Sources */ = {
			isa = PBXSourcesBuildPhase;
			buildActionMask = 2147483647;
			files = (
				02FD76FE28B7A8B600176DBA /* Constants.swift in Sources */,
				02FD770228B7ACB300176DBA /* CarTableViewCell.swift in Sources */,
				02FD76EA28B7A62300176DBA /* CarsListVC.swift in Sources */,
				02FD770028B7AB6200176DBA /* UIView+Ext.swift in Sources */,
				02FD76E628B7A62300176DBA /* AppDelegate.swift in Sources */,
				02FD76FB28B7A82F00176DBA /* Car.swift in Sources */,
				02FD76E828B7A62300176DBA /* SceneDelegate.swift in Sources */,
			);
			runOnlyForDeploymentPostprocessing = 0;
		};
/* End PBXSourcesBuildPhase section */

/* Begin PBXVariantGroup section */
		02FD76F028B7A62600176DBA /* LaunchScreen.storyboard */ = {
			isa = PBXVariantGroup;
			children = (
				02FD76F128B7A62600176DBA /* Base */,
			);
			name = LaunchScreen.storyboard;
			sourceTree = "<group>";
		};
/* End PBXVariantGroup section */

/* Begin XCBuildConfiguration section */
		02FD76F428B7A62600176DBA /* Debug */ = {
			isa = XCBuildConfiguration;
			buildSettings = {
				ALWAYS_SEARCH_USER_PATHS = NO;
				CLANG_ANALYZER_NONNULL = YES;
				CLANG_ANALYZER_NUMBER_OBJECT_CONVERSION = YES_AGGRESSIVE;
				CLANG_CXX_LANGUAGE_STANDARD = "gnu++17";
				CLANG_ENABLE_MODULES = YES;
				CLANG_ENABLE_OBJC_ARC = YES;
				CLANG_ENABLE_OBJC_WEAK = YES;
				CLANG_WARN_BLOCK_CAPTURE_AUTORELEASING = YES;
				CLANG_WARN_BOOL_CONVERSION = YES;
				CLANG_WARN_COMMA = YES;
				CLANG_WARN_CONSTANT_CONVERSION = YES;
				CLANG_WARN_DEPRECATED_OBJC_IMPLEMENTATIONS = YES;
				CLANG_WARN_DIRECT_OBJC_ISA_USAGE = YES_ERROR;
				CLANG_WARN_DOCUMENTATION_COMMENTS = YES;
				CLANG_WARN_EMPTY_BODY = YES;
				CLANG_WARN_ENUM_CONVERSION = YES;
				CLANG_WARN_INFINITE_RECURSION = YES;
				CLANG_WARN_INT_CONVERSION = YES;
				CLANG_WARN_NON_LITERAL_NULL_CONVERSION = YES;
				CLANG_WARN_OBJC_IMPLICIT_RETAIN_SELF = YES;
				CLANG_WARN_OBJC_LITERAL_CONVERSION = YES;
				CLANG_WARN_OBJC_ROOT_CLASS = YES_ERROR;
				CLANG_WARN_QUOTED_INCLUDE_IN_FRAMEWORK_HEADER = YES;
				CLANG_WARN_RANGE_LOOP_ANALYSIS = YES;
				CLANG_WARN_STRICT_PROTOTYPES = YES;
				CLANG_WARN_SUSPICIOUS_MOVE = YES;
				CLANG_WARN_UNGUARDED_AVAILABILITY = YES_AGGRESSIVE;
				CLANG_WARN_UNREACHABLE_CODE = YES;
				CLANG_WARN__DUPLICATE_METHOD_MATCH = YES;
				COPY_PHASE_STRIP = NO;
				DEBUG_INFORMATION_FORMAT = dwarf;
				ENABLE_STRICT_OBJC_MSGSEND = YES;
				ENABLE_TESTABILITY = YES;
				GCC_C_LANGUAGE_STANDARD = gnu11;
				GCC_DYNAMIC_NO_PIC = NO;
				GCC_NO_COMMON_BLOCKS = YES;
				GCC_OPTIMIZATION_LEVEL = 0;
				GCC_PREPROCESSOR_DEFINITIONS = (
					"DEBUG=1",
					"$(inherited)",
				);
				GCC_WARN_64_TO_32_BIT_CONVERSION = YES;
				GCC_WARN_ABOUT_RETURN_TYPE = YES_ERROR;
				GCC_WARN_UNDECLARED_SELECTOR = YES;
				GCC_WARN_UNINITIALIZED_AUTOS = YES_AGGRESSIVE;
				GCC_WARN_UNUSED_FUNCTION = YES;
				GCC_WARN_UNUSED_VARIABLE = YES;
				IPHONEOS_DEPLOYMENT_TARGET = 15.5;
				MTL_ENABLE_DEBUG_INFO = INCLUDE_SOURCE;
				MTL_FAST_MATH = YES;
				ONLY_ACTIVE_ARCH = YES;
				SDKROOT = iphoneos;
				SWIFT_ACTIVE_COMPILATION_CONDITIONS = DEBUG;
				SWIFT_OPTIMIZATION_LEVEL = "-Onone";
			};
			name = Debug;
		};
		02FD76F528B7A62600176DBA /* Release */ = {
			isa = XCBuildConfiguration;
			buildSettings = {
				ALWAYS_SEARCH_USER_PATHS = NO;
				CLANG_ANALYZER_NONNULL = YES;
				CLANG_ANALYZER_NUMBER_OBJECT_CONVERSION = YES_AGGRESSIVE;
				CLANG_CXX_LANGUAGE_STANDARD = "gnu++17";
				CLANG_ENABLE_MODULES = YES;
				CLANG_ENABLE_OBJC_ARC = YES;
				CLANG_ENABLE_OBJC_WEAK = YES;
				CLANG_WARN_BLOCK_CAPTURE_AUTORELEASING = YES;
				CLANG_WARN_BOOL_CONVERSION = YES;
				CLANG_WARN_COMMA = YES;
				CLANG_WARN_CONSTANT_CONVERSION = YES;
				CLANG_WARN_DEPRECATED_OBJC_IMPLEMENTATIONS = YES;
				CLANG_WARN_DIRECT_OBJC_ISA_USAGE = YES_ERROR;
				CLANG_WARN_DOCUMENTATION_COMMENTS = YES;
				CLANG_WARN_EMPTY_BODY = YES;
				CLANG_WARN_ENUM_CONVERSION = YES;
				CLANG_WARN_INFINITE_RECURSION = YES;
				CLANG_WARN_INT_CONVERSION = YES;
				CLANG_WARN_NON_LITERAL_NULL_CONVERSION = YES;
				CLANG_WARN_OBJC_IMPLICIT_RETAIN_SELF = YES;
				CLANG_WARN_OBJC_LITERAL_CONVERSION = YES;
				CLANG_WARN_OBJC_ROOT_CLASS = YES_ERROR;
				CLANG_WARN_QUOTED_INCLUDE_IN_FRAMEWORK_HEADER = YES;
				CLANG_WARN_RANGE_LOOP_ANALYSIS = YES;
				CLANG_WARN_STRICT_PROTOTYPES = YES;
				CLANG_WARN_SUSPICIOUS_MOVE = YES;
				CLANG_WARN_UNGUARDED_AVAILABILITY = YES_AGGRESSIVE;
				CLANG_WARN_UNREACHABLE_CODE = YES;
				CLANG_WARN__DUPLICATE_METHOD_MATCH = YES;
				COPY_PHASE_STRIP = NO;
				DEBUG_INFORMATION_FORMAT = "dwarf-with-dsym";
				ENABLE_NS_ASSERTIONS = NO;
				ENABLE_STRICT_OBJC_MSGSEND = YES;
				GCC_C_LANGUAGE_STANDARD = gnu11;
				GCC_NO_COMMON_BLOCKS = YES;
				GCC_WARN_64_TO_32_BIT_CONVERSION = YES;
				GCC_WARN_ABOUT_RETURN_TYPE = YES_ERROR;
				GCC_WARN_UNDECLARED_SELECTOR = YES;
				GCC_WARN_UNINITIALIZED_AUTOS = YES_AGGRESSIVE;
				GCC_WARN_UNUSED_FUNCTION = YES;
				GCC_WARN_UNUSED_VARIABLE = YES;
				IPHONEOS_DEPLOYMENT_TARGET = 15.5;
				MTL_ENABLE_DEBUG_INFO = NO;
				MTL_FAST_MATH = YES;
				SDKROOT = iphoneos;
				SWIFT_COMPILATION_MODE = wholemodule;
				SWIFT_OPTIMIZATION_LEVEL = "-O";
				VALIDATE_PRODUCT = YES;
			};
			name = Release;
		};
		02FD76F728B7A62600176DBA /* Debug */ = {
			isa = XCBuildConfiguration;
			buildSettings = {
				ASSETCATALOG_COMPILER_APPICON_NAME = AppIcon;
				ASSETCATALOG_COMPILER_GLOBAL_ACCENT_COLOR_NAME = AccentColor;
				CODE_SIGN_STYLE = Automatic;
				CURRENT_PROJECT_VERSION = 1;
				GENERATE_INFOPLIST_FILE = YES;
				INFOPLIST_FILE = "Cars&Tables/Info.plist";
				INFOPLIST_KEY_UIApplicationSupportsIndirectInputEvents = YES;
				INFOPLIST_KEY_UILaunchStoryboardName = LaunchScreen;
				INFOPLIST_KEY_UISupportedInterfaceOrientations_iPad = "UIInterfaceOrientationPortrait UIInterfaceOrientationPortraitUpsideDown UIInterfaceOrientationLandscapeLeft UIInterfaceOrientationLandscapeRight";
				INFOPLIST_KEY_UISupportedInterfaceOrientations_iPhone = "UIInterfaceOrientationPortrait UIInterfaceOrientationLandscapeLeft UIInterfaceOrientationLandscapeRight";
				LD_RUNPATH_SEARCH_PATHS = (
					"$(inherited)",
					"@executable_path/Frameworks",
				);
				MARKETING_VERSION = 1.0;
				PRODUCT_BUNDLE_IDENTIFIER = "roberto.oro.Cars-Tables";
				PRODUCT_NAME = "$(TARGET_NAME)";
				SWIFT_EMIT_LOC_STRINGS = YES;
				SWIFT_VERSION = 5.0;
				TARGETED_DEVICE_FAMILY = "1,2";
			};
			name = Debug;
		};
		02FD76F828B7A62600176DBA /* Release */ = {
			isa = XCBuildConfiguration;
			buildSettings = {
				ASSETCATALOG_COMPILER_APPICON_NAME = AppIcon;
				ASSETCATALOG_COMPILER_GLOBAL_ACCENT_COLOR_NAME = AccentColor;
				CODE_SIGN_STYLE = Automatic;
				CURRENT_PROJECT_VERSION = 1;
				GENERATE_INFOPLIST_FILE = YES;
				INFOPLIST_FILE = "Cars&Tables/Info.plist";
				INFOPLIST_KEY_UIApplicationSupportsIndirectInputEvents = YES;
				INFOPLIST_KEY_UILaunchStoryboardName = LaunchScreen;
				INFOPLIST_KEY_UISupportedInterfaceOrientations_iPad = "UIInterfaceOrientationPortrait UIInterfaceOrientationPortraitUpsideDown UIInterfaceOrientationLandscapeLeft UIInterfaceOrientationLandscapeRight";
				INFOPLIST_KEY_UISupportedInterfaceOrientations_iPhone = "UIInterfaceOrientationPortrait UIInterfaceOrientationLandscapeLeft UIInterfaceOrientationLandscapeRight";
				LD_RUNPATH_SEARCH_PATHS = (
					"$(inherited)",
					"@executable_path/Frameworks",
				);
				MARKETING_VERSION = 1.0;
				PRODUCT_BUNDLE_IDENTIFIER = "roberto.oro.Cars-Tables";
				PRODUCT_NAME = "$(TARGET_NAME)";
				SWIFT_EMIT_LOC_STRINGS = YES;
				SWIFT_VERSION = 5.0;
				TARGETED_DEVICE_FAMILY = "1,2";
			};
			name = Release;
		};
/* End XCBuildConfiguration section */

/* Begin XCConfigurationList section */
		02FD76DD28B7A62300176DBA /* Build configuration list for PBXProject "Cars&Tables" */ = {
			isa = XCConfigurationList;
			buildConfigurations = (
				02FD76F428B7A62600176DBA /* Debug */,
				02FD76F528B7A62600176DBA /* Release */,
			);
			defaultConfigurationIsVisible = 0;
			defaultConfigurationName = Release;
		};
		02FD76F628B7A62600176DBA /* Build configuration list for PBXNativeTarget "Cars&Tables" */ = {
			isa = XCConfigurationList;
			buildConfigurations = (
				02FD76F728B7A62600176DBA /* Debug */,
				02FD76F828B7A62600176DBA /* Release */,
			);
			defaultConfigurationIsVisible = 0;
			defaultConfigurationName = Release;
		};
/* End XCConfigurationList section */
	};
	rootObject = 02FD76DA28B7A62300176DBA /* Project object */;
}
