// !$*UTF8*$!
{
	archiveVersion = 1;
	classes = {
	};
	objectVersion = 55;
	objects = {

/* Begin PBXBuildFile section */
		02FD771028B7B94B00176DBA /* AppDelegate.swift in Sources */ = {isa = PBXBuildFile; fileRef = 02FD770F28B7B94B00176DBA /* AppDelegate.swift */; };
		02FD771228B7B94B00176DBA /* SceneDelegate.swift in Sources */ = {isa = PBXBuildFile; fileRef = 02FD771128B7B94B00176DBA /* SceneDelegate.swift */; };
		02FD771428B7B94B00176DBA /* CatsListVC.swift in Sources */ = {isa = PBXBuildFile; fileRef = 02FD771328B7B94B00176DBA /* CatsListVC.swift */; };
		02FD771928B7B94D00176DBA /* Assets.xcassets in Resources */ = {isa = PBXBuildFile; fileRef = 02FD771828B7B94D00176DBA /* Assets.xcassets */; };
		02FD771C28B7B94D00176DBA /* LaunchScreen.storyboard in Resources */ = {isa = PBXBuildFile; fileRef = 02FD771A28B7B94D00176DBA /* LaunchScreen.storyboard */; };
		02FD772628B7BB3400176DBA /* Constants.swift in Sources */ = {isa = PBXBuildFile; fileRef = 02FD772528B7BB3400176DBA /* Constants.swift */; };
		02FD772828B7BB4A00176DBA /* UIView+Ext.swift in Sources */ = {isa = PBXBuildFile; fileRef = 02FD772728B7BB4A00176DBA /* UIView+Ext.swift */; };
		02FD772A28B7BB5700176DBA /* CatTableViewCell.swift in Sources */ = {isa = PBXBuildFile; fileRef = 02FD772928B7BB5700176DBA /* CatTableViewCell.swift */; };
		02FD772C28B7BBE900176DBA /* Cat.swift in Sources */ = {isa = PBXBuildFile; fileRef = 02FD772B28B7BBE900176DBA /* Cat.swift */; };
		02FD773028B7C39E00176DBA /* CatTableViewCell+Ext.swift in Sources */ = {isa = PBXBuildFile; fileRef = 02FD772F28B7C39E00176DBA /* CatTableViewCell+Ext.swift */; };
/* End PBXBuildFile section */

/* Begin PBXFileReference section */
		02FD770C28B7B94B00176DBA /* Cats&Tables.app */ = {isa = PBXFileReference; explicitFileType = wrapper.application; includeInIndex = 0; path = "Cats&Tables.app"; sourceTree = BUILT_PRODUCTS_DIR; };
		02FD770F28B7B94B00176DBA /* AppDelegate.swift */ = {isa = PBXFileReference; lastKnownFileType = sourcecode.swift; path = AppDelegate.swift; sourceTree = "<group>"; };
		02FD771128B7B94B00176DBA /* SceneDelegate.swift */ = {isa = PBXFileReference; lastKnownFileType = sourcecode.swift; path = SceneDelegate.swift; sourceTree = "<group>"; };
		02FD771328B7B94B00176DBA /* CatsListVC.swift */ = {isa = PBXFileReference; lastKnownFileType = sourcecode.swift; path = CatsListVC.swift; sourceTree = "<group>"; };
		02FD771828B7B94D00176DBA /* Assets.xcassets */ = {isa = PBXFileReference; lastKnownFileType = folder.assetcatalog; path = Assets.xcassets; sourceTree = "<group>"; };
		02FD771B28B7B94D00176DBA /* Base */ = {isa = PBXFileReference; lastKnownFileType = file.storyboard; name = Base; path = Base.lproj/LaunchScreen.storyboard; sourceTree = "<group>"; };
		02FD771D28B7B94D00176DBA /* Info.plist */ = {isa = PBXFileReference; lastKnownFileType = text.plist.xml; path = Info.plist; sourceTree = "<group>"; };
		02FD772528B7BB3400176DBA /* Constants.swift */ = {isa = PBXFileReference; lastKnownFileType = sourcecode.swift; path = Constants.swift; sourceTree = "<group>"; };
		02FD772728B7BB4A00176DBA /* UIView+Ext.swift */ = {isa = PBXFileReference; lastKnownFileType = sourcecode.swift; path = "UIView+Ext.swift"; sourceTree = "<group>"; };
		02FD772928B7BB5700176DBA /* CatTableViewCell.swift */ = {isa = PBXFileReference; lastKnownFileType = sourcecode.swift; path = CatTableViewCell.swift; sourceTree = "<group>"; };
		02FD772B28B7BBE900176DBA /* Cat.swift */ = {isa = PBXFileReference; lastKnownFileType = sourcecode.swift; path = Cat.swift; sourceTree = "<group>"; };
		02FD772F28B7C39E00176DBA /* CatTableViewCell+Ext.swift */ = {isa = PBXFileReference; lastKnownFileType = sourcecode.swift; path = "CatTableViewCell+Ext.swift"; sourceTree = "<group>"; };
/* End PBXFileReference section */

/* Begin PBXFrameworksBuildPhase section */
		02FD770928B7B94B00176DBA /* Frameworks */ = {
			isa = PBXFrameworksBuildPhase;
			buildActionMask = 2147483647;
			files = (
			);
			runOnlyForDeploymentPostprocessing = 0;
		};
/* End PBXFrameworksBuildPhase section */

/* Begin PBXGroup section */
		02FD770328B7B94B00176DBA = {
			isa = PBXGroup;
			children = (
				02FD772D28B7C35A00176DBA /* App */,
				02FD770E28B7B94B00176DBA /* Cats&Tables */,
				02FD770D28B7B94B00176DBA /* Products */,
			);
			sourceTree = "<group>";
		};
		02FD770D28B7B94B00176DBA /* Products */ = {
			isa = PBXGroup;
			children = (
				02FD770C28B7B94B00176DBA /* Cats&Tables.app */,
			);
			name = Products;
			sourceTree = "<group>";
		};
		02FD770E28B7B94B00176DBA /* Cats&Tables */ = {
			isa = PBXGroup;
			children = (
				02FD772328B7BB2200176DBA /* Model */,
				02FD772428B7BB2900176DBA /* Utils */,
				02FD772E28B7C36D00176DBA /* View */,
				02FD771828B7B94D00176DBA /* Assets.xcassets */,
				02FD771A28B7B94D00176DBA /* LaunchScreen.storyboard */,
				02FD771D28B7B94D00176DBA /* Info.plist */,
			);
			path = "Cats&Tables";
			sourceTree = "<group>";
		};
		02FD772328B7BB2200176DBA /* Model */ = {
			isa = PBXGroup;
			children = (
				02FD772B28B7BBE900176DBA /* Cat.swift */,
			);
			path = Model;
			sourceTree = "<group>";
		};
		02FD772428B7BB2900176DBA /* Utils */ = {
			isa = PBXGroup;
			children = (
				02FD772528B7BB3400176DBA /* Constants.swift */,
				02FD772728B7BB4A00176DBA /* UIView+Ext.swift */,
				02FD772928B7BB5700176DBA /* CatTableViewCell.swift */,
				02FD772F28B7C39E00176DBA /* CatTableViewCell+Ext.swift */,
			);
			path = Utils;
			sourceTree = "<group>";
		};
		02FD772D28B7C35A00176DBA /* App */ = {
			isa = PBXGroup;
			children = (
				02FD770F28B7B94B00176DBA /* AppDelegate.swift */,
				02FD771128B7B94B00176DBA /* SceneDelegate.swift */,
			);
			path = App;
			sourceTree = "<group>";
		};
		02FD772E28B7C36D00176DBA /* View */ = {
			isa = PBXGroup;
			children = (
				02FD771328B7B94B00176DBA /* CatsListVC.swift */,
			);
			path = View;
			sourceTree = "<group>";
		};
/* End PBXGroup section */

/* Begin PBXNativeTarget section */
		02FD770B28B7B94B00176DBA /* Cats&Tables */ = {
			isa = PBXNativeTarget;
			buildConfigurationList = 02FD772028B7B94D00176DBA /* Build configuration list for PBXNativeTarget "Cats&Tables" */;
			buildPhases = (
				02FD770828B7B94B00176DBA /* Sources */,
				02FD770928B7B94B00176DBA /* Frameworks */,
				02FD770A28B7B94B00176DBA /* Resources */,
			);
			buildRules = (
			);
			dependencies = (
			);
			name = "Cats&Tables";
			productName = "Cats&Tables";
			productReference = 02FD770C28B7B94B00176DBA /* Cats&Tables.app */;
			productType = "com.apple.product-type.application";
		};
/* End PBXNativeTarget section */

/* Begin PBXProject section */
		02FD770428B7B94B00176DBA /* Project object */ = {
			isa = PBXProject;
			attributes = {
				BuildIndependentTargetsInParallel = 1;
				LastSwiftUpdateCheck = 1340;
				LastUpgradeCheck = 1340;
				TargetAttributes = {
					02FD770B28B7B94B00176DBA = {
						CreatedOnToolsVersion = 13.4.1;
					};
				};
			};
			buildConfigurationList = 02FD770728B7B94B00176DBA /* Build configuration list for PBXProject "Cats&Tables" */;
			compatibilityVersion = "Xcode 13.0";
			developmentRegion = en;
			hasScannedForEncodings = 0;
			knownRegions = (
				en,
				Base,
			);
			mainGroup = 02FD770328B7B94B00176DBA;
			productRefGroup = 02FD770D28B7B94B00176DBA /* Products */;
			projectDirPath = "";
			projectRoot = "";
			targets = (
				02FD770B28B7B94B00176DBA /* Cats&Tables */,
			);
		};
/* End PBXProject section */

/* Begin PBXResourcesBuildPhase section */
		02FD770A28B7B94B00176DBA /* Resources */ = {
			isa = PBXResourcesBuildPhase;
			buildActionMask = 2147483647;
			files = (
				02FD771C28B7B94D00176DBA /* LaunchScreen.storyboard in Resources */,
				02FD771928B7B94D00176DBA /* Assets.xcassets in Resources */,
			);
			runOnlyForDeploymentPostprocessing = 0;
		};
/* End PBXResourcesBuildPhase section */

/* Begin PBXSourcesBuildPhase section */
		02FD770828B7B94B00176DBA /* Sources */ = {
			isa = PBXSourcesBuildPhase;
			buildActionMask = 2147483647;
			files = (
				02FD771428B7B94B00176DBA /* CatsListVC.swift in Sources */,
				02FD772C28B7BBE900176DBA /* Cat.swift in Sources */,
				02FD771028B7B94B00176DBA /* AppDelegate.swift in Sources */,
				02FD772828B7BB4A00176DBA /* UIView+Ext.swift in Sources */,
				02FD773028B7C39E00176DBA /* CatTableViewCell+Ext.swift in Sources */,
				02FD771228B7B94B00176DBA /* SceneDelegate.swift in Sources */,
				02FD772A28B7BB5700176DBA /* CatTableViewCell.swift in Sources */,
				02FD772628B7BB3400176DBA /* Constants.swift in Sources */,
			);
			runOnlyForDeploymentPostprocessing = 0;
		};
/* End PBXSourcesBuildPhase section */

/* Begin PBXVariantGroup section */
		02FD771A28B7B94D00176DBA /* LaunchScreen.storyboard */ = {
			isa = PBXVariantGroup;
			children = (
				02FD771B28B7B94D00176DBA /* Base */,
			);
			name = LaunchScreen.storyboard;
			sourceTree = "<group>";
		};
/* End PBXVariantGroup section */

/* Begin XCBuildConfiguration section */
		02FD771E28B7B94D00176DBA /* Debug */ = {
			isa = XCBuildConfiguration;
			buildSettings = {
				ALWAYS_SEARCH_USER_PATHS = NO;
				CLANG_ANALYZER_NONNULL = YES;
				CLANG_ANALYZER_NUMBER_OBJECT_CONVERSION = YES_AGGRESSIVE;
				CLANG_CXX_LANGUAGE_STANDARD = "gnu++17";
				CLANG_ENABLE_MODULES = YES;
				CLANG_ENABLE_OBJC_ARC = YES;
				CLANG_ENABLE_OBJC_WEAK = YES;
				CLANG_WARN_BLOCK_CAPTURE_AUTORELEASING = YES;
				CLANG_WARN_BOOL_CONVERSION = YES;
				CLANG_WARN_COMMA = YES;
				CLANG_WARN_CONSTANT_CONVERSION = YES;
				CLANG_WARN_DEPRECATED_OBJC_IMPLEMENTATIONS = YES;
				CLANG_WARN_DIRECT_OBJC_ISA_USAGE = YES_ERROR;
				CLANG_WARN_DOCUMENTATION_COMMENTS = YES;
				CLANG_WARN_EMPTY_BODY = YES;
				CLANG_WARN_ENUM_CONVERSION = YES;
				CLANG_WARN_INFINITE_RECURSION = YES;
				CLANG_WARN_INT_CONVERSION = YES;
				CLANG_WARN_NON_LITERAL_NULL_CONVERSION = YES;
				CLANG_WARN_OBJC_IMPLICIT_RETAIN_SELF = YES;
				CLANG_WARN_OBJC_LITERAL_CONVERSION = YES;
				CLANG_WARN_OBJC_ROOT_CLASS = YES_ERROR;
				CLANG_WARN_QUOTED_INCLUDE_IN_FRAMEWORK_HEADER = YES;
				CLANG_WARN_RANGE_LOOP_ANALYSIS = YES;
				CLANG_WARN_STRICT_PROTOTYPES = YES;
				CLANG_WARN_SUSPICIOUS_MOVE = YES;
				CLANG_WARN_UNGUARDED_AVAILABILITY = YES_AGGRESSIVE;
				CLANG_WARN_UNREACHABLE_CODE = YES;
				CLANG_WARN__DUPLICATE_METHOD_MATCH = YES;
				COPY_PHASE_STRIP = NO;
				DEBUG_INFORMATION_FORMAT = dwarf;
				ENABLE_STRICT_OBJC_MSGSEND = YES;
				ENABLE_TESTABILITY = YES;
				GCC_C_LANGUAGE_STANDARD = gnu11;
				GCC_DYNAMIC_NO_PIC = NO;
				GCC_NO_COMMON_BLOCKS = YES;
				GCC_OPTIMIZATION_LEVEL = 0;
				GCC_PREPROCESSOR_DEFINITIONS = (
					"DEBUG=1",
					"$(inherited)",
				);
				GCC_WARN_64_TO_32_BIT_CONVERSION = YES;
				GCC_WARN_ABOUT_RETURN_TYPE = YES_ERROR;
				GCC_WARN_UNDECLARED_SELECTOR = YES;
				GCC_WARN_UNINITIALIZED_AUTOS = YES_AGGRESSIVE;
				GCC_WARN_UNUSED_FUNCTION = YES;
				GCC_WARN_UNUSED_VARIABLE = YES;
				IPHONEOS_DEPLOYMENT_TARGET = 15.5;
				MTL_ENABLE_DEBUG_INFO = INCLUDE_SOURCE;
				MTL_FAST_MATH = YES;
				ONLY_ACTIVE_ARCH = YES;
				SDKROOT = iphoneos;
				SWIFT_ACTIVE_COMPILATION_CONDITIONS = DEBUG;
				SWIFT_OPTIMIZATION_LEVEL = "-Onone";
			};
			name = Debug;
		};
		02FD771F28B7B94D00176DBA /* Release */ = {
			isa = XCBuildConfiguration;
			buildSettings = {
				ALWAYS_SEARCH_USER_PATHS = NO;
				CLANG_ANALYZER_NONNULL = YES;
				CLANG_ANALYZER_NUMBER_OBJECT_CONVERSION = YES_AGGRESSIVE;
				CLANG_CXX_LANGUAGE_STANDARD = "gnu++17";
				CLANG_ENABLE_MODULES = YES;
				CLANG_ENABLE_OBJC_ARC = YES;
				CLANG_ENABLE_OBJC_WEAK = YES;
				CLANG_WARN_BLOCK_CAPTURE_AUTORELEASING = YES;
				CLANG_WARN_BOOL_CONVERSION = YES;
				CLANG_WARN_COMMA = YES;
				CLANG_WARN_CONSTANT_CONVERSION = YES;
				CLANG_WARN_DEPRECATED_OBJC_IMPLEMENTATIONS = YES;
				CLANG_WARN_DIRECT_OBJC_ISA_USAGE = YES_ERROR;
				CLANG_WARN_DOCUMENTATION_COMMENTS = YES;
				CLANG_WARN_EMPTY_BODY = YES;
				CLANG_WARN_ENUM_CONVERSION = YES;
				CLANG_WARN_INFINITE_RECURSION = YES;
				CLANG_WARN_INT_CONVERSION = YES;
				CLANG_WARN_NON_LITERAL_NULL_CONVERSION = YES;
				CLANG_WARN_OBJC_IMPLICIT_RETAIN_SELF = YES;
				CLANG_WARN_OBJC_LITERAL_CONVERSION = YES;
				CLANG_WARN_OBJC_ROOT_CLASS = YES_ERROR;
				CLANG_WARN_QUOTED_INCLUDE_IN_FRAMEWORK_HEADER = YES;
				CLANG_WARN_RANGE_LOOP_ANALYSIS = YES;
				CLANG_WARN_STRICT_PROTOTYPES = YES;
				CLANG_WARN_SUSPICIOUS_MOVE = YES;
				CLANG_WARN_UNGUARDED_AVAILABILITY = YES_AGGRESSIVE;
				CLANG_WARN_UNREACHABLE_CODE = YES;
				CLANG_WARN__DUPLICATE_METHOD_MATCH = YES;
				COPY_PHASE_STRIP = NO;
				DEBUG_INFORMATION_FORMAT = "dwarf-with-dsym";
				ENABLE_NS_ASSERTIONS = NO;
				ENABLE_STRICT_OBJC_MSGSEND = YES;
				GCC_C_LANGUAGE_STANDARD = gnu11;
				GCC_NO_COMMON_BLOCKS = YES;
				GCC_WARN_64_TO_32_BIT_CONVERSION = YES;
				GCC_WARN_ABOUT_RETURN_TYPE = YES_ERROR;
				GCC_WARN_UNDECLARED_SELECTOR = YES;
				GCC_WARN_UNINITIALIZED_AUTOS = YES_AGGRESSIVE;
				GCC_WARN_UNUSED_FUNCTION = YES;
				GCC_WARN_UNUSED_VARIABLE = YES;
				IPHONEOS_DEPLOYMENT_TARGET = 15.5;
				MTL_ENABLE_DEBUG_INFO = NO;
				MTL_FAST_MATH = YES;
				SDKROOT = iphoneos;
				SWIFT_COMPILATION_MODE = wholemodule;
				SWIFT_OPTIMIZATION_LEVEL = "-O";
				VALIDATE_PRODUCT = YES;
			};
			name = Release;
		};
		02FD772128B7B94D00176DBA /* Debug */ = {
			isa = XCBuildConfiguration;
			buildSettings = {
				ASSETCATALOG_COMPILER_APPICON_NAME = AppIcon;
				ASSETCATALOG_COMPILER_GLOBAL_ACCENT_COLOR_NAME = AccentColor;
				CODE_SIGN_STYLE = Automatic;
				CURRENT_PROJECT_VERSION = 1;
				GENERATE_INFOPLIST_FILE = YES;
				INFOPLIST_FILE = "Cats&Tables/Info.plist";
				INFOPLIST_KEY_UIApplicationSupportsIndirectInputEvents = YES;
				INFOPLIST_KEY_UILaunchStoryboardName = LaunchScreen;
				INFOPLIST_KEY_UISupportedInterfaceOrientations_iPad = "UIInterfaceOrientationPortrait UIInterfaceOrientationPortraitUpsideDown UIInterfaceOrientationLandscapeLeft UIInterfaceOrientationLandscapeRight";
				INFOPLIST_KEY_UISupportedInterfaceOrientations_iPhone = "UIInterfaceOrientationPortrait UIInterfaceOrientationLandscapeLeft UIInterfaceOrientationLandscapeRight";
				LD_RUNPATH_SEARCH_PATHS = (
					"$(inherited)",
					"@executable_path/Frameworks",
				);
				MARKETING_VERSION = 1.0;
				PRODUCT_BUNDLE_IDENTIFIER = "roberto.oro.Cats-Tables";
				PRODUCT_NAME = "$(TARGET_NAME)";
				SWIFT_EMIT_LOC_STRINGS = YES;
				SWIFT_VERSION = 5.0;
				TARGETED_DEVICE_FAMILY = "1,2";
			};
			name = Debug;
		};
		02FD772228B7B94D00176DBA /* Release */ = {
			isa = XCBuildConfiguration;
			buildSettings = {
				ASSETCATALOG_COMPILER_APPICON_NAME = AppIcon;
				ASSETCATALOG_COMPILER_GLOBAL_ACCENT_COLOR_NAME = AccentColor;
				CODE_SIGN_STYLE = Automatic;
				CURRENT_PROJECT_VERSION = 1;
				GENERATE_INFOPLIST_FILE = YES;
				INFOPLIST_FILE = "Cats&Tables/Info.plist";
				INFOPLIST_KEY_UIApplicationSupportsIndirectInputEvents = YES;
				INFOPLIST_KEY_UILaunchStoryboardName = LaunchScreen;
				INFOPLIST_KEY_UISupportedInterfaceOrientations_iPad = "UIInterfaceOrientationPortrait UIInterfaceOrientationPortraitUpsideDown UIInterfaceOrientationLandscapeLeft UIInterfaceOrientationLandscapeRight";
				INFOPLIST_KEY_UISupportedInterfaceOrientations_iPhone = "UIInterfaceOrientationPortrait UIInterfaceOrientationLandscapeLeft UIInterfaceOrientationLandscapeRight";
				LD_RUNPATH_SEARCH_PATHS = (
					"$(inherited)",
					"@executable_path/Frameworks",
				);
				MARKETING_VERSION = 1.0;
				PRODUCT_BUNDLE_IDENTIFIER = "roberto.oro.Cats-Tables";
				PRODUCT_NAME = "$(TARGET_NAME)";
				SWIFT_EMIT_LOC_STRINGS = YES;
				SWIFT_VERSION = 5.0;
				TARGETED_DEVICE_FAMILY = "1,2";
			};
			name = Release;
		};
/* End XCBuildConfiguration section */

/* Begin XCConfigurationList section */
		02FD770728B7B94B00176DBA /* Build configuration list for PBXProject "Cats&Tables" */ = {
			isa = XCConfigurationList;
			buildConfigurations = (
				02FD771E28B7B94D00176DBA /* Debug */,
				02FD771F28B7B94D00176DBA /* Release */,
			);
			defaultConfigurationIsVisible = 0;
			defaultConfigurationName = Release;
		};
		02FD772028B7B94D00176DBA /* Build configuration list for PBXNativeTarget "Cats&Tables" */ = {
			isa = XCConfigurationList;
			buildConfigurations = (
				02FD772128B7B94D00176DBA /* Debug */,
				02FD772228B7B94D00176DBA /* Release */,
			);
			defaultConfigurationIsVisible = 0;
			defaultConfigurationName = Release;
		};
/* End XCConfigurationList section */
	};
	rootObject = 02FD770428B7B94B00176DBA /* Project object */;
}
